{
  "name": "caricature",
  "lockfileVersion": 2,
  "requires": true,
  "packages": {
    "": {
      "dependencies": {
        "yall-js": "^3.2.0"
      }
    },
    "node_modules/yall-js": {
      "version": "3.2.0",
      "resolved": "https://registry.npmjs.org/yall-js/-/yall-js-3.2.0.tgz",
      "integrity": "sha512-e62eb6pZdCs/YhKrgTYG6vlzIwNeqzA8j/jVjdLJLFaAHZVzWylSqe/LIHeMGcSExfDHtKeN8Dk6QMTLy17Bxg==",
      "hasInstallScript": true
    }
  },
  "dependencies": {
    "yall-js": {
      "version": "3.2.0",
      "resolved": "https://registry.npmjs.org/yall-js/-/yall-js-3.2.0.tgz",
      "integrity": "sha512-e62eb6pZdCs/YhKrgTYG6vlzIwNeqzA8j/jVjdLJLFaAHZVzWylSqe/LIHeMGcSExfDHtKeN8Dk6QMTLy17Bxg=="
    }
  }
}
